Microsoft Visual Studio Solution File, Format Version 7.00
Project("{8BC9CEB8-8B4A-11D0-8D11-00A0C91BC942}") = "xtal", "xtal\xtal.vcproj", "{C046320D-C46D-4726-81CA-52D64A66B314}"
EndProject
Project("{8BC9CEB8-8B4A-11D0-8D11-00A0C91BC942}") = "xtallib", "xtallib\xtallib.vcproj", "{68590069-97DE-4287-BFDF-053C7A788F8D}"
EndProject
Project("{8BC9CEB8-8B4A-11D0-8D11-00A0C91BC942}") = "ix", "ix\ix.vcproj", "{15143461-4DEE-4303-A482-06F3A919CF7A}"
EndProject
Global
	GlobalSection(SolutionConfiguration) = preSolution
		ConfigName.0 = Debug
		ConfigName.1 = Release
	EndGlobalSection
	GlobalSection(ProjectDependencies) = postSolution
	EndGlobalSection
	GlobalSection(ProjectConfiguration) = postSolution
		{C046320D-C46D-4726-81CA-52D64A66B314}.Debug.ActiveCfg = Debug|Win32
		{C046320D-C46D-4726-81CA-52D64A66B314}.Debug.Build.0 = Debug|Win32
		{C046320D-C46D-4726-81CA-52D64A66B314}.Release.ActiveCfg = Release|Win32
		{C046320D-C46D-4726-81CA-52D64A66B314}.Release.Build.0 = Release|Win32
		{68590069-97DE-4287-BFDF-053C7A788F8D}.Debug.ActiveCfg = Debug|Win32
		{68590069-97DE-4287-BFDF-053C7A788F8D}.Debug.Build.0 = Debug|Win32
		{68590069-97DE-4287-BFDF-053C7A788F8D}.Release.ActiveCfg = Release|Win32
		{68590069-97DE-4287-BFDF-053C7A788F8D}.Release.Build.0 = Release|Win32
		{15143461-4DEE-4303-A482-06F3A919CF7A}.Debug.ActiveCfg = Debug|Win32
		{15143461-4DEE-4303-A482-06F3A919CF7A}.Debug.Build.0 = Debug|Win32
		{15143461-4DEE-4303-A482-06F3A919CF7A}.Release.ActiveCfg = Release|Win32
		{15143461-4DEE-4303-A482-06F3A919CF7A}.Release.Build.0 = Release|Win32
	EndGlobalSection
	GlobalSection(ExtensibilityGlobals) = postSolution
	EndGlobalSection
	GlobalSection(ExtensibilityAddIns) = postSolution
	EndGlobalSection
EndGlobal
